
Microsoft Visual Studio Solution File, Format Version 12.00
# Visual Studio Version 17
VisualStudioVersion = 17.3.32825.248
MinimumVisualStudioVersion = 10.0.40219.1
Project("{FAE04EC0-301F-11D3-BF4B-00C04F79EFBC}") = "Pod Booking", "Pod Booking\Pod Booking.csproj", "{DA1ED0A4-4B0B-4714-A060-3439F7683005}"
EndProject
Global
	GlobalSection(SolutionConfigurationPlatforms) = preSolution
		Debug|Any CPU = Debug|Any CPU
		Release|Any CPU = Release|Any CPU
	EndGlobalSection
	GlobalSection(ProjectConfigurationPlatforms) = postSolution
		{DA1ED0A4-4B0B-4714-A060-3439F7683005}.Debug|Any CPU.ActiveCfg = Debug|Any CPU
		{DA1ED0A4-4B0B-4714-A060-3439F7683005}.Debug|Any CPU.Build.0 = Debug|Any CPU
		{DA1ED0A4-4B0B-4714-A060-3439F7683005}.Release|Any CPU.ActiveCfg = Release|Any CPU
		{DA1ED0A4-4B0B-4714-A060-3439F7683005}.Release|Any CPU.Build.0 = Release|Any CPU
	EndGlobalSection
	GlobalSection(SolutionProperties) = preSolution
		HideSolutionNode = FALSE
	EndGlobalSection
	GlobalSection(ExtensibilityGlobals) = postSolution
		SolutionGuid = {FBDA052F-540A-4B9D-BD11-A98BAB2C3DDB}
	EndGlobalSection
EndGlobal
